
Microsoft Visual Studio Solution File, Format Version 12.00
# Visual Studio Version 17
VisualStudioVersion = 17.8.34511.84
MinimumVisualStudioVersion = 10.0.40219.1
Project("{9A19103F-16F7-4668-BE54-9A1E7A4F7556}") = "MoreDrop", "MoreDrop\MoreDrop.csproj", "{7F4362C1-A633-42FA-88AB-AAC382CF9C34}"
EndProject
Project("{9A19103F-16F7-4668-BE54-9A1E7A4F7556}") = "MoreDrop.Core", "Config\MoreDrop.Core.csproj", "{318DAE92-E326-4E35-8366-F8899935BC92}"
EndProject
Project("{9A19103F-16F7-4668-BE54-9A1E7A4F7556}") = "MoreDrop.Patches", "HarmonyPatches\MoreDrop.Patches.csproj", "{AA75545D-027D-4E6D-A53C-0A4FA5657D0F}"
EndProject
Project("{2150E333-8FDC-42A3-9474-1A3956D46DE8}") = "Solution Items", "Solution Items", "{8E263AAE-6E4E-4D4D-BB20-3347501BB9E2}"
	ProjectSection(SolutionItems) = preProject
		.gitignore = .gitignore
		readme.md = readme.md
	EndProjectSection
EndProject
Project("{FAE04EC0-301F-11D3-BF4B-00C04F79EFBC}") = "MoreDrop.ConfigModMenu", "ConfigModMenu\MoreDrop.ConfigModMenu.csproj", "{8BFDAE71-02D6-45A2-9B0E-41B7E5F54854}"
EndProject
Global
	GlobalSection(SolutionConfigurationPlatforms) = preSolution
		Debug|Any CPU = Debug|Any CPU
		Release|Any CPU = Release|Any CPU
	EndGlobalSection
	GlobalSection(ProjectConfigurationPlatforms) = postSolution
		{7F4362C1-A633-42FA-88AB-AAC382CF9C34}.Debug|Any CPU.ActiveCfg = Debug|Any CPU
		{7F4362C1-A633-42FA-88AB-AAC382CF9C34}.Debug|Any CPU.Build.0 = Debug|Any CPU
		{7F4362C1-A633-42FA-88AB-AAC382CF9C34}.Release|Any CPU.ActiveCfg = Release|Any CPU
		{7F4362C1-A633-42FA-88AB-AAC382CF9C34}.Release|Any CPU.Build.0 = Release|Any CPU
		{318DAE92-E326-4E35-8366-F8899935BC92}.Debug|Any CPU.ActiveCfg = Debug|Any CPU
		{318DAE92-E326-4E35-8366-F8899935BC92}.Debug|Any CPU.Build.0 = Debug|Any CPU
		{318DAE92-E326-4E35-8366-F8899935BC92}.Release|Any CPU.ActiveCfg = Release|Any CPU
		{318DAE92-E326-4E35-8366-F8899935BC92}.Release|Any CPU.Build.0 = Release|Any CPU
		{AA75545D-027D-4E6D-A53C-0A4FA5657D0F}.Debug|Any CPU.ActiveCfg = Debug|Any CPU
		{AA75545D-027D-4E6D-A53C-0A4FA5657D0F}.Debug|Any CPU.Build.0 = Debug|Any CPU
		{AA75545D-027D-4E6D-A53C-0A4FA5657D0F}.Release|Any CPU.ActiveCfg = Release|Any CPU
		{AA75545D-027D-4E6D-A53C-0A4FA5657D0F}.Release|Any CPU.Build.0 = Release|Any CPU
		{8BFDAE71-02D6-45A2-9B0E-41B7E5F54854}.Debug|Any CPU.ActiveCfg = Debug|Any CPU
		{8BFDAE71-02D6-45A2-9B0E-41B7E5F54854}.Debug|Any CPU.Build.0 = Debug|Any CPU
		{8BFDAE71-02D6-45A2-9B0E-41B7E5F54854}.Release|Any CPU.ActiveCfg = Release|Any CPU
		{8BFDAE71-02D6-45A2-9B0E-41B7E5F54854}.Release|Any CPU.Build.0 = Release|Any CPU
	EndGlobalSection
	GlobalSection(SolutionProperties) = preSolution
		HideSolutionNode = FALSE
	EndGlobalSection
	GlobalSection(ExtensibilityGlobals) = postSolution
		SolutionGuid = {F9722150-18C5-4F06-8D05-C3800ADB5E3C}
	EndGlobalSection
EndGlobal
